
Microsoft Visual Studio Solution File, Format Version 12.00
# Visual Studio 15
VisualStudioVersion = 15.0.28307.1145
MinimumVisualStudioVersion = 10.0.40219.1
Project("{FAE04EC0-301F-11D3-BF4B-00C04F79EFBC}") = "ConversorDeMoeda", "ConversorDeMoeda\ConversorDeMoeda.csproj", "{D16F8A2A-FD31-44FD-895A-588EFBE432CE}"
EndProject
Global
	GlobalSection(SolutionConfigurationPlatforms) = preSolution
		Debug|Any CPU = Debug|Any CPU
		Release|Any CPU = Release|Any CPU
	EndGlobalSection
	GlobalSection(ProjectConfigurationPlatforms) = postSolution
		{D16F8A2A-FD31-44FD-895A-588EFBE432CE}.Debug|Any CPU.ActiveCfg = Debug|Any CPU
		{D16F8A2A-FD31-44FD-895A-588EFBE432CE}.Debug|Any CPU.Build.0 = Debug|Any CPU
		{D16F8A2A-FD31-44FD-895A-588EFBE432CE}.Release|Any CPU.ActiveCfg = Release|Any CPU
		{D16F8A2A-FD31-44FD-895A-588EFBE432CE}.Release|Any CPU.Build.0 = Release|Any CPU
	EndGlobalSection
	GlobalSection(SolutionProperties) = preSolution
		HideSolutionNode = FALSE
	EndGlobalSection
	GlobalSection(ExtensibilityGlobals) = postSolution
		SolutionGuid = {4F0BA3D6-7FC0-4C7F-93C6-7F218CBEBEDC}
	EndGlobalSection
EndGlobal
