
Microsoft Visual Studio Solution File, Format Version 12.00
# Visual Studio 15
VisualStudioVersion = 15.0.28307.1145
MinimumVisualStudioVersion = 10.0.40219.1
Project("{FAE04EC0-301F-11D3-BF4B-00C04F79EFBC}") = "Uri1004", "Uri1004\Uri1004.csproj", "{BADD7181-9932-43CF-8E2F-6FE5715B3BA0}"
EndProject
Global
	GlobalSection(SolutionConfigurationPlatforms) = preSolution
		Debug|Any CPU = Debug|Any CPU
		Release|Any CPU = Release|Any CPU
	EndGlobalSection
	GlobalSection(ProjectConfigurationPlatforms) = postSolution
		{BADD7181-9932-43CF-8E2F-6FE5715B3BA0}.Debug|Any CPU.ActiveCfg = Debug|Any CPU
		{BADD7181-9932-43CF-8E2F-6FE5715B3BA0}.Debug|Any CPU.Build.0 = Debug|Any CPU
		{BADD7181-9932-43CF-8E2F-6FE5715B3BA0}.Release|Any CPU.ActiveCfg = Release|Any CPU
		{BADD7181-9932-43CF-8E2F-6FE5715B3BA0}.Release|Any CPU.Build.0 = Release|Any CPU
	EndGlobalSection
	GlobalSection(SolutionProperties) = preSolution
		HideSolutionNode = FALSE
	EndGlobalSection
	GlobalSection(ExtensibilityGlobals) = postSolution
		SolutionGuid = {76649013-2AC7-4ADE-B78C-9D92367E610E}
	EndGlobalSection
EndGlobal
